
Microsoft Visual Studio Solution File, Format Version 12.00
# Visual Studio 15
VisualStudioVersion = 15.0.28010.2041
MinimumVisualStudioVersion = 10.0.40219.1
Project("{8BC9CEB8-8B4A-11D0-8D11-00A0C91BC942}") = "Esercitazione02_PalmucciMartina", "Esercitazione02_PalmucciMartina\Esercitazione02_PalmucciMartina.vcxproj", "{69794A43-B9B2-4A79-8FC7-846E2658565E}"
EndProject
Global
	GlobalSection(SolutionConfigurationPlatforms) = preSolution
		Debug|x64 = Debug|x64
		Debug|x86 = Debug|x86
		Release|x64 = Release|x64
		Release|x86 = Release|x86
	EndGlobalSection
	GlobalSection(ProjectConfigurationPlatforms) = postSolution
		{69794A43-B9B2-4A79-8FC7-846E2658565E}.Debug|x64.ActiveCfg = Debug|x64
		{69794A43-B9B2-4A79-8FC7-846E2658565E}.Debug|x64.Build.0 = Debug|x64
		{69794A43-B9B2-4A79-8FC7-846E2658565E}.Debug|x86.ActiveCfg = Debug|Win32
		{69794A43-B9B2-4A79-8FC7-846E2658565E}.Debug|x86.Build.0 = Debug|Win32
		{69794A43-B9B2-4A79-8FC7-846E2658565E}.Release|x64.ActiveCfg = Release|x64
		{69794A43-B9B2-4A79-8FC7-846E2658565E}.Release|x64.Build.0 = Release|x64
		{69794A43-B9B2-4A79-8FC7-846E2658565E}.Release|x86.ActiveCfg = Release|Win32
		{69794A43-B9B2-4A79-8FC7-846E2658565E}.Release|x86.Build.0 = Release|Win32
	EndGlobalSection
	GlobalSection(SolutionProperties) = preSolution
		HideSolutionNode = FALSE
	EndGlobalSection
	GlobalSection(ExtensibilityGlobals) = postSolution
		SolutionGuid = {3DEBF853-CDBF-4D56-AB86-ABBA52D0934A}
	EndGlobalSection
EndGlobal
